
Microsoft Visual Studio Solution File, Format Version 12.00
# Visual Studio Version 16
VisualStudioVersion = 16.0.29025.244
MinimumVisualStudioVersion = 10.0.40219.1
Project("{FAE04EC0-301F-11D3-BF4B-00C04F79EFBC}") = "NameMCTest", "NameMCTest\NameMCTest.csproj", "{AFBC087E-083E-4AF5-BCFE-53042A6B1E76}"
EndProject
Global
	GlobalSection(SolutionConfigurationPlatforms) = preSolution
		Debug|Any CPU = Debug|Any CPU
		Release|Any CPU = Release|Any CPU
	EndGlobalSection
	GlobalSection(ProjectConfigurationPlatforms) = postSolution
		{AFBC087E-083E-4AF5-BCFE-53042A6B1E76}.Debug|Any CPU.ActiveCfg = Debug|Any CPU
		{AFBC087E-083E-4AF5-BCFE-53042A6B1E76}.Debug|Any CPU.Build.0 = Debug|Any CPU
		{AFBC087E-083E-4AF5-BCFE-53042A6B1E76}.Release|Any CPU.ActiveCfg = Release|Any CPU
		{AFBC087E-083E-4AF5-BCFE-53042A6B1E76}.Release|Any CPU.Build.0 = Release|Any CPU
	EndGlobalSection
	GlobalSection(SolutionProperties) = preSolution
		HideSolutionNode = FALSE
	EndGlobalSection
	GlobalSection(ExtensibilityGlobals) = postSolution
		SolutionGuid = {1735A4CD-F3E6-4968-B5D7-F3CBE8DBCE0D}
	EndGlobalSection
EndGlobal
